{
	"name": "@streamjar/ui-shared",
	"version": "1.0.0",
	"lockfileVersion": 1,
	"requires": true,
	"dependencies": {
		"@material/animation": {
			"version": "0.39.0",
			"resolved": "https://npm.sjsrv.uk/@material%2fanimation/-/animation-0.39.0.tgz",
			"integrity": "sha512-f3BGCba0GdYY+eGFnK0L08HLyljgEyBvMLoJoutP225IpvzsLLTqumL/796nFCsouWn6E3G+8BUVjAtzTjU2lA=="
		},
		"@material/base": {
			"version": "0.39.0",
			"resolved": "https://npm.sjsrv.uk/@material%2fbase/-/base-0.39.0.tgz",
			"integrity": "sha512-B+vMqnOR2JU2dzv/5UPKQUAZAj739pMkJkt3Zy7sJaQnw3j8wTKxiUMUhd9ZHaPx1FBlUNMn2PwOq8YZIn0svA=="
		},
		"@material/ripple": {
			"version": "0.39.3",
			"resolved": "https://npm.sjsrv.uk/@material%2fripple/-/ripple-0.39.3.tgz",
			"integrity": "sha512-MwQjgwK9h13MdKGJT3RTDf9NjCoAS3LmnFpz1fxXgExA1QnoUbB1o7cEaPmqAtZopKVDCf52w1l6Mpf9qEhnCQ==",
			"requires": {
				"@material/animation": "0.39.0",
				"@material/base": "0.39.0",
				"@material/theme": "0.39.1"
			}
		},
		"@material/theme": {
			"version": "0.39.1",
			"resolved": "https://npm.sjsrv.uk/@material%2ftheme/-/theme-0.39.1.tgz",
			"integrity": "sha512-c7xjzzHdF4kBl66VJfATBAV9cwD/6TOyVPOWiK5rPxmu9g7uEAe1HmupqJRR1pMFCPX2w85gfvIsxh79EU6YJA=="
		},
		"@types/material__base": {
			"version": "0.35.0",
			"resolved": "https://npm.sjsrv.uk/@types%2fmaterial__base/-/material__base-0.35.0.tgz",
			"integrity": "sha512-B1FUXg67WgvGPn84NIqF/znECgchpISyDzyVifGk1CJ4grNLOzMWaZljWawscBh5RnRP3BujDUR29QG7zRWelw=="
		},
		"@types/material__ripple": {
			"version": "0.35.0",
			"resolved": "https://npm.sjsrv.uk/@types%2fmaterial__ripple/-/material__ripple-0.35.0.tgz",
			"integrity": "sha512-1q+g4D7dVPHxGMBtpR7auD5XxTwkv8dCrIMp3/dVQhFwIW2psV/Im1SEajKAdCZhfn6O6lrS2814MmNsopUFdw==",
			"requires": {
				"@types/material__base": "0.35.0"
			}
		}
	}
}
